
Microsoft Visual Studio Solution File, Format Version 12.00
# Visual Studio Version 16
VisualStudioVersion = 16.0.30002.166
MinimumVisualStudioVersion = 10.0.40219.1
Project("{9A19103F-16F7-4668-BE54-9A1E7A4F7556}") = "Demo.FluentValidation", "Demo.FluentValidation\Demo.FluentValidation.csproj", "{E0E90B53-F53A-494C-BBE8-4F6FDB705485}"
EndProject
Project("{9A19103F-16F7-4668-BE54-9A1E7A4F7556}") = "Demo.FluentValidationTest", "Demo.FluentValidationTest\Demo.FluentValidationTest.csproj", "{055E1308-76B2-497F-B3C3-58B5E0776689}"
EndProject
Project("{9A19103F-16F7-4668-BE54-9A1E7A4F7556}") = "Demo.FluentValidationDomain", "Demo.FluentValidationDomain\Demo.FluentValidationDomain.csproj", "{8050A19A-9FE2-4839-9114-D72A90B2F573}"
EndProject
Project("{2150E333-8FDC-42A3-9474-1A3956D46DE8}") = "Test", "Test", "{6F8B499A-D5C3-474B-8506-2C92309CC44E}"
EndProject
Project("{FAE04EC0-301F-11D3-BF4B-00C04F79EFBC}") = "Demo.FluentValidationValidatorTest", "Demo.FluentValidationValidatorTest\Demo.FluentValidationValidatorTest.csproj", "{32AB85C4-30E0-409B-87DD-5A4EB0046697}"
EndProject
Global
	GlobalSection(SolutionConfigurationPlatforms) = preSolution
		Debug|Any CPU = Debug|Any CPU
		Release|Any CPU = Release|Any CPU
	EndGlobalSection
	GlobalSection(ProjectConfigurationPlatforms) = postSolution
		{E0E90B53-F53A-494C-BBE8-4F6FDB705485}.Debug|Any CPU.ActiveCfg = Debug|Any CPU
		{E0E90B53-F53A-494C-BBE8-4F6FDB705485}.Debug|Any CPU.Build.0 = Debug|Any CPU
		{E0E90B53-F53A-494C-BBE8-4F6FDB705485}.Release|Any CPU.ActiveCfg = Release|Any CPU
		{E0E90B53-F53A-494C-BBE8-4F6FDB705485}.Release|Any CPU.Build.0 = Release|Any CPU
		{055E1308-76B2-497F-B3C3-58B5E0776689}.Debug|Any CPU.ActiveCfg = Debug|Any CPU
		{055E1308-76B2-497F-B3C3-58B5E0776689}.Debug|Any CPU.Build.0 = Debug|Any CPU
		{055E1308-76B2-497F-B3C3-58B5E0776689}.Release|Any CPU.ActiveCfg = Release|Any CPU
		{055E1308-76B2-497F-B3C3-58B5E0776689}.Release|Any CPU.Build.0 = Release|Any CPU
		{8050A19A-9FE2-4839-9114-D72A90B2F573}.Debug|Any CPU.ActiveCfg = Debug|Any CPU
		{8050A19A-9FE2-4839-9114-D72A90B2F573}.Debug|Any CPU.Build.0 = Debug|Any CPU
		{8050A19A-9FE2-4839-9114-D72A90B2F573}.Release|Any CPU.ActiveCfg = Release|Any CPU
		{8050A19A-9FE2-4839-9114-D72A90B2F573}.Release|Any CPU.Build.0 = Release|Any CPU
		{32AB85C4-30E0-409B-87DD-5A4EB0046697}.Debug|Any CPU.ActiveCfg = Debug|Any CPU
		{32AB85C4-30E0-409B-87DD-5A4EB0046697}.Debug|Any CPU.Build.0 = Debug|Any CPU
		{32AB85C4-30E0-409B-87DD-5A4EB0046697}.Release|Any CPU.ActiveCfg = Release|Any CPU
		{32AB85C4-30E0-409B-87DD-5A4EB0046697}.Release|Any CPU.Build.0 = Release|Any CPU
	EndGlobalSection
	GlobalSection(SolutionProperties) = preSolution
		HideSolutionNode = FALSE
	EndGlobalSection
	GlobalSection(NestedProjects) = preSolution
		{055E1308-76B2-497F-B3C3-58B5E0776689} = {6F8B499A-D5C3-474B-8506-2C92309CC44E}
		{32AB85C4-30E0-409B-87DD-5A4EB0046697} = {6F8B499A-D5C3-474B-8506-2C92309CC44E}
	EndGlobalSection
	GlobalSection(ExtensibilityGlobals) = postSolution
		SolutionGuid = {6E487760-0060-412C-99FE-F592DFAA9A9A}
	EndGlobalSection
EndGlobal
